{
    "_meta": {
        "hash": {
            "sha256": "68b52bc506c4f5a346d64d35e5664a8504d74fde11cd6fbfec29a1c1b848c729"
        },
        "pipfile-spec": 6,
        "requires": {
            "python_version": "3.8"
        },
        "sources": [
            {
                "name": "pypi",
                "url": "https://pypi.org/simple",
                "verify_ssl": true
            }
        ]
    },
    "default": {
        "owlready2": {
            "hashes": [
                "sha256:d13bf0ed36a8e7ddcac00107e79b3a83a4d7c7cb5ac3ca28543b462773d4e97f"
            ],
            "index": "pypi",
            "version": "==0.25"
        }
    },
    "develop": {}
}
